
Microsoft Visual Studio Solution File, Format Version 12.00
# Visual Studio Version 16
VisualStudioVersion = 16.0.32228.343
MinimumVisualStudioVersion = 10.0.40219.1
Project("{FAE04EC0-301F-11D3-BF4B-00C04F79EFBC}") = "LeecodeEasy", "LeecodeEasy\LeecodeEasy.csproj", "{C691FE1C-F1AC-4900-BDCD-3CF00A059A74}"
EndProject
Global
	GlobalSection(SolutionConfigurationPlatforms) = preSolution
		Debug|Any CPU = Debug|Any CPU
		Release|Any CPU = Release|Any CPU
	EndGlobalSection
	GlobalSection(ProjectConfigurationPlatforms) = postSolution
		{C691FE1C-F1AC-4900-BDCD-3CF00A059A74}.Debug|Any CPU.ActiveCfg = Debug|Any CPU
		{C691FE1C-F1AC-4900-BDCD-3CF00A059A74}.Debug|Any CPU.Build.0 = Debug|Any CPU
		{C691FE1C-F1AC-4900-BDCD-3CF00A059A74}.Release|Any CPU.ActiveCfg = Release|Any CPU
		{C691FE1C-F1AC-4900-BDCD-3CF00A059A74}.Release|Any CPU.Build.0 = Release|Any CPU
	EndGlobalSection
	GlobalSection(SolutionProperties) = preSolution
		HideSolutionNode = FALSE
	EndGlobalSection
	GlobalSection(ExtensibilityGlobals) = postSolution
		SolutionGuid = {8328B512-4EE2-483C-9C60-9316B3AD8274}
	EndGlobalSection
EndGlobal
